// !$*UTF8*$!
{
	archiveVersion = 1;
	classes = {
	};
	objectVersion = 50;
	objects = {

/* Begin PBXBuildFile section */
		77C5CBAC25C5E50100C07AEC /* AppDelegate.swift in Sources */ = {isa = PBXBuildFile; fileRef = 77C5CBAB25C5E50100C07AEC /* AppDelegate.swift */; };
		77C5CBAE25C5E50100C07AEC /* SceneDelegate.swift in Sources */ = {isa = PBXBuildFile; fileRef = 77C5CBAD25C5E50100C07AEC /* SceneDelegate.swift */; };
		77C5CBB025C5E50100C07AEC /* ViewController.swift in Sources */ = {isa = PBXBuildFile; fileRef = 77C5CBAF25C5E50100C07AEC /* ViewController.swift */; };
		77C5CBB325C5E50100C07AEC /* Main.storyboard in Resources */ = {isa = PBXBuildFile; fileRef = 77C5CBB125C5E50100C07AEC /* Main.storyboard */; };
		77C5CBB525C5E50900C07AEC /* Assets.xcassets in Resources */ = {isa = PBXBuildFile; fileRef = 77C5CBB425C5E50900C07AEC /* Assets.xcassets */; };
		77C5CBB825C5E50900C07AEC /* LaunchScreen.storyboard in Resources */ = {isa = PBXBuildFile; fileRef = 77C5CBB625C5E50900C07AEC /* LaunchScreen.storyboard */; };
/* End PBXBuildFile section */

/* Begin PBXFileReference section */
		77C5CBA825C5E50000C07AEC /* FillColors.app */ = {isa = PBXFileReference; explicitFileType = wrapper.application; includeInIndex = 0; path = FillColors.app; sourceTree = BUILT_PRODUCTS_DIR; };
		77C5CBAB25C5E50100C07AEC /* AppDelegate.swift */ = {isa = PBXFileReference; lastKnownFileType = sourcecode.swift; path = AppDelegate.swift; sourceTree = "<group>"; };
		77C5CBAD25C5E50100C07AEC /* SceneDelegate.swift */ = {isa = PBXFileReference; lastKnownFileType = sourcecode.swift; path = SceneDelegate.swift; sourceTree = "<group>"; };
		77C5CBAF25C5E50100C07AEC /* ViewController.swift */ = {isa = PBXFileReference; lastKnownFileType = sourcecode.swift; path = ViewController.swift; sourceTree = "<group>"; };
		77C5CBB225C5E50100C07AEC /* Base */ = {isa = PBXFileReference; lastKnownFileType = file.storyboard; name = Base; path = Base.lproj/Main.storyboard; sourceTree = "<group>"; };
		77C5CBB425C5E50900C07AEC /* Assets.xcassets */ = {isa = PBXFileReference; lastKnownFileType = folder.assetcatalog; path = Assets.xcassets; sourceTree = "<group>"; };
		77C5CBB725C5E50900C07AEC /* Base */ = {isa = PBXFileReference; lastKnownFileType = file.storyboard; name = Base; path = Base.lproj/LaunchScreen.storyboard; sourceTree = "<group>"; };
		77C5CBB925C5E50900C07AEC /* Info.plist */ = {isa = PBXFileReference; lastKnownFileType = text.plist.xml; path = Info.plist; sourceTree = "<group>"; };
/* End PBXFileReference section */

/* Begin PBXFrameworksBuildPhase section */
		77C5CBA525C5E50000C07AEC /* Frameworks */ = {
			isa = PBXFrameworksBuildPhase;
			buildActionMask = 2147483647;
			files = (
			);
			runOnlyForDeploymentPostprocessing = 0;
		};
/* End PBXFrameworksBuildPhase section */

/* Begin PBXGroup section */
		77C5CB9F25C5E50000C07AEC = {
			isa = PBXGroup;
			children = (
				77C5CBAA25C5E50000C07AEC /* FillColors */,
				77C5CBA925C5E50000C07AEC /* Products */,
			);
			sourceTree = "<group>";
		};
		77C5CBA925C5E50000C07AEC /* Products */ = {
			isa = PBXGroup;
			children = (
				77C5CBA825C5E50000C07AEC /* FillColors.app */,
			);
			name = Products;
			sourceTree = "<group>";
		};
		77C5CBAA25C5E50000C07AEC /* FillColors */ = {
			isa = PBXGroup;
			children = (
				77C5CBAB25C5E50100C07AEC /* AppDelegate.swift */,
				77C5CBAD25C5E50100C07AEC /* SceneDelegate.swift */,
				77C5CBAF25C5E50100C07AEC /* ViewController.swift */,
				77C5CBB125C5E50100C07AEC /* Main.storyboard */,
				77C5CBB425C5E50900C07AEC /* Assets.xcassets */,
				77C5CBB625C5E50900C07AEC /* LaunchScreen.storyboard */,
				77C5CBB925C5E50900C07AEC /* Info.plist */,
			);
			path = FillColors;
			sourceTree = "<group>";
		};
/* End PBXGroup section */

/* Begin PBXNativeTarget section */
		77C5CBA725C5E50000C07AEC /* FillColors */ = {
			isa = PBXNativeTarget;
			buildConfigurationList = 77C5CBBC25C5E50900C07AEC /* Build configuration list for PBXNativeTarget "FillColors" */;
			buildPhases = (
				77C5CBA425C5E50000C07AEC /* Sources */,
				77C5CBA525C5E50000C07AEC /* Frameworks */,
				77C5CBA625C5E50000C07AEC /* Resources */,
			);
			buildRules = (
			);
			dependencies = (
			);
			name = FillColors;
			productName = FillColors;
			productReference = 77C5CBA825C5E50000C07AEC /* FillColors.app */;
			productType = "com.apple.product-type.application";
		};
/* End PBXNativeTarget section */

/* Begin PBXProject section */
		77C5CBA025C5E50000C07AEC /* Project object */ = {
			isa = PBXProject;
			attributes = {
				LastSwiftUpdateCheck = 1240;
				LastUpgradeCheck = 1240;
				TargetAttributes = {
					77C5CBA725C5E50000C07AEC = {
						CreatedOnToolsVersion = 12.4;
					};
				};
			};
			buildConfigurationList = 77C5CBA325C5E50000C07AEC /* Build configuration list for PBXProject "FillColors" */;
			compatibilityVersion = "Xcode 9.3";
			developmentRegion = en;
			hasScannedForEncodings = 0;
			knownRegions = (
				en,
				Base,
			);
			mainGroup = 77C5CB9F25C5E50000C07AEC;
			productRefGroup = 77C5CBA925C5E50000C07AEC /* Products */;
			projectDirPath = "";
			projectRoot = "";
			targets = (
				77C5CBA725C5E50000C07AEC /* FillColors */,
			);
		};
/* End PBXProject section */

/* Begin PBXResourcesBuildPhase section */
		77C5CBA625C5E50000C07AEC /* Resources */ = {
			isa = PBXResourcesBuildPhase;
			buildActionMask = 2147483647;
			files = (
				77C5CBB825C5E50900C07AEC /* LaunchScreen.storyboard in Resources */,
				77C5CBB525C5E50900C07AEC /* Assets.xcassets in Resources */,
				77C5CBB325C5E50100C07AEC /* Main.storyboard in Resources */,
			);
			runOnlyForDeploymentPostprocessing = 0;
		};
/* End PBXResourcesBuildPhase section */

/* Begin PBXSourcesBuildPhase section */
		77C5CBA425C5E50000C07AEC /* Sources */ = {
			isa = PBXSourcesBuildPhase;
			buildActionMask = 2147483647;
			files = (
				77C5CBB025C5E50100C07AEC /* ViewController.swift in Sources */,
				77C5CBAC25C5E50100C07AEC /* AppDelegate.swift in Sources */,
				77C5CBAE25C5E50100C07AEC /* SceneDelegate.swift in Sources */,
			);
			runOnlyForDeploymentPostprocessing = 0;
		};
/* End PBXSourcesBuildPhase section */

/* Begin PBXVariantGroup section */
		77C5CBB125C5E50100C07AEC /* Main.storyboard */ = {
			isa = PBXVariantGroup;
			children = (
				77C5CBB225C5E50100C07AEC /* Base */,
			);
			name = Main.storyboard;
			sourceTree = "<group>";
		};
		77C5CBB625C5E50900C07AEC /* LaunchScreen.storyboard */ = {
			isa = PBXVariantGroup;
			children = (
				77C5CBB725C5E50900C07AEC /* Base */,
			);
			name = LaunchScreen.storyboard;
			sourceTree = "<group>";
		};
/* End PBXVariantGroup section */

/* Begin XCBuildConfiguration section */
		77C5CBBA25C5E50900C07AEC /* Debug */ = {
			isa = XCBuildConfiguration;
			buildSettings = {
				ALWAYS_SEARCH_USER_PATHS = NO;
				CLANG_ANALYZER_NONNULL = YES;
				CLANG_ANALYZER_NUMBER_OBJECT_CONVERSION = YES_AGGRESSIVE;
				CLANG_CXX_LANGUAGE_STANDARD = "gnu++14";
				CLANG_CXX_LIBRARY = "libc++";
				CLANG_ENABLE_MODULES = YES;
				CLANG_ENABLE_OBJC_ARC = YES;
				CLANG_ENABLE_OBJC_WEAK = YES;
				CLANG_WARN_BLOCK_CAPTURE_AUTORELEASING = YES;
				CLANG_WARN_BOOL_CONVERSION = YES;
				CLANG_WARN_COMMA = YES;
				CLANG_WARN_CONSTANT_CONVERSION = YES;
				CLANG_WARN_DEPRECATED_OBJC_IMPLEMENTATIONS = YES;
				CLANG_WARN_DIRECT_OBJC_ISA_USAGE = YES_ERROR;
				CLANG_WARN_DOCUMENTATION_COMMENTS = YES;
				CLANG_WARN_EMPTY_BODY = YES;
				CLANG_WARN_ENUM_CONVERSION = YES;
				CLANG_WARN_INFINITE_RECURSION = YES;
				CLANG_WARN_INT_CONVERSION = YES;
				CLANG_WARN_NON_LITERAL_NULL_CONVERSION = YES;
				CLANG_WARN_OBJC_IMPLICIT_RETAIN_SELF = YES;
				CLANG_WARN_OBJC_LITERAL_CONVERSION = YES;
				CLANG_WARN_OBJC_ROOT_CLASS = YES_ERROR;
				CLANG_WARN_QUOTED_INCLUDE_IN_FRAMEWORK_HEADER = YES;
				CLANG_WARN_RANGE_LOOP_ANALYSIS = YES;
				CLANG_WARN_STRICT_PROTOTYPES = YES;
				CLANG_WARN_SUSPICIOUS_MOVE = YES;
				CLANG_WARN_UNGUARDED_AVAILABILITY = YES_AGGRESSIVE;
				CLANG_WARN_UNREACHABLE_CODE = YES;
				CLANG_WARN__DUPLICATE_METHOD_MATCH = YES;
				COPY_PHASE_STRIP = NO;
				DEBUG_INFORMATION_FORMAT = dwarf;
				ENABLE_STRICT_OBJC_MSGSEND = YES;
				ENABLE_TESTABILITY = YES;
				GCC_C_LANGUAGE_STANDARD = gnu11;
				GCC_DYNAMIC_NO_PIC = NO;
				GCC_NO_COMMON_BLOCKS = YES;
				GCC_OPTIMIZATION_LEVEL = 0;
				GCC_PREPROCESSOR_DEFINITIONS = (
					"DEBUG=1",
					"$(inherited)",
				);
				GCC_WARN_64_TO_32_BIT_CONVERSION = YES;
				GCC_WARN_ABOUT_RETURN_TYPE = YES_ERROR;
				GCC_WARN_UNDECLARED_SELECTOR = YES;
				GCC_WARN_UNINITIALIZED_AUTOS = YES_AGGRESSIVE;
				GCC_WARN_UNUSED_FUNCTION = YES;
				GCC_WARN_UNUSED_VARIABLE = YES;
				IPHONEOS_DEPLOYMENT_TARGET = 14.4;
				MTL_ENABLE_DEBUG_INFO = INCLUDE_SOURCE;
				MTL_FAST_MATH = YES;
				ONLY_ACTIVE_ARCH = YES;
				SDKROOT = iphoneos;
				SWIFT_ACTIVE_COMPILATION_CONDITIONS = DEBUG;
				SWIFT_OPTIMIZATION_LEVEL = "-Onone";
			};
			name = Debug;
		};
		77C5CBBB25C5E50900C07AEC /* Release */ = {
			isa = XCBuildConfiguration;
			buildSettings = {
				ALWAYS_SEARCH_USER_PATHS = NO;
				CLANG_ANALYZER_NONNULL = YES;
				CLANG_ANALYZER_NUMBER_OBJECT_CONVERSION = YES_AGGRESSIVE;
				CLANG_CXX_LANGUAGE_STANDARD = "gnu++14";
				CLANG_CXX_LIBRARY = "libc++";
				CLANG_ENABLE_MODULES = YES;
				CLANG_ENABLE_OBJC_ARC = YES;
				CLANG_ENABLE_OBJC_WEAK = YES;
				CLANG_WARN_BLOCK_CAPTURE_AUTORELEASING = YES;
				CLANG_WARN_BOOL_CONVERSION = YES;
				CLANG_WARN_COMMA = YES;
				CLANG_WARN_CONSTANT_CONVERSION = YES;
				CLANG_WARN_DEPRECATED_OBJC_IMPLEMENTATIONS = YES;
				CLANG_WARN_DIRECT_OBJC_ISA_USAGE = YES_ERROR;
				CLANG_WARN_DOCUMENTATION_COMMENTS = YES;
				CLANG_WARN_EMPTY_BODY = YES;
				CLANG_WARN_ENUM_CONVERSION = YES;
				CLANG_WARN_INFINITE_RECURSION = YES;
				CLANG_WARN_INT_CONVERSION = YES;
				CLANG_WARN_NON_LITERAL_NULL_CONVERSION = YES;
				CLANG_WARN_OBJC_IMPLICIT_RETAIN_SELF = YES;
				CLANG_WARN_OBJC_LITERAL_CONVERSION = YES;
				CLANG_WARN_OBJC_ROOT_CLASS = YES_ERROR;
				CLANG_WARN_QUOTED_INCLUDE_IN_FRAMEWORK_HEADER = YES;
				CLANG_WARN_RANGE_LOOP_ANALYSIS = YES;
				CLANG_WARN_STRICT_PROTOTYPES = YES;
				CLANG_WARN_SUSPICIOUS_MOVE = YES;
				CLANG_WARN_UNGUARDED_AVAILABILITY = YES_AGGRESSIVE;
				CLANG_WARN_UNREACHABLE_CODE = YES;
				CLANG_WARN__DUPLICATE_METHOD_MATCH = YES;
				COPY_PHASE_STRIP = NO;
				DEBUG_INFORMATION_FORMAT = "dwarf-with-dsym";
				ENABLE_NS_ASSERTIONS = NO;
				ENABLE_STRICT_OBJC_MSGSEND = YES;
				GCC_C_LANGUAGE_STANDARD = gnu11;
				GCC_NO_COMMON_BLOCKS = YES;
				GCC_WARN_64_TO_32_BIT_CONVERSION = YES;
				GCC_WARN_ABOUT_RETURN_TYPE = YES_ERROR;
				GCC_WARN_UNDECLARED_SELECTOR = YES;
				GCC_WARN_UNINITIALIZED_AUTOS = YES_AGGRESSIVE;
				GCC_WARN_UNUSED_FUNCTION = YES;
				GCC_WARN_UNUSED_VARIABLE = YES;
				IPHONEOS_DEPLOYMENT_TARGET = 14.4;
				MTL_ENABLE_DEBUG_INFO = NO;
				MTL_FAST_MATH = YES;
				SDKROOT = iphoneos;
				SWIFT_COMPILATION_MODE = wholemodule;
				SWIFT_OPTIMIZATION_LEVEL = "-O";
				VALIDATE_PRODUCT = YES;
			};
			name = Release;
		};
		77C5CBBD25C5E50900C07AEC /* Debug */ = {
			isa = XCBuildConfiguration;
			buildSettings = {
				ASSETCATALOG_COMPILER_APPICON_NAME = AppIcon;
				ASSETCATALOG_COMPILER_GLOBAL_ACCENT_COLOR_NAME = AccentColor;
				CODE_SIGN_STYLE = Automatic;
				DEVELOPMENT_TEAM = M3Z235FL72;
				INFOPLIST_FILE = FillColors/Info.plist;
				LD_RUNPATH_SEARCH_PATHS = (
					"$(inherited)",
					"@executable_path/Frameworks",
				);
				PRODUCT_BUNDLE_IDENTIFIER = ru.lyubushkin..FillColors;
				PRODUCT_NAME = "$(TARGET_NAME)";
				SWIFT_VERSION = 5.0;
				TARGETED_DEVICE_FAMILY = "1,2";
			};
			name = Debug;
		};
		77C5CBBE25C5E50900C07AEC /* Release */ = {
			isa = XCBuildConfiguration;
			buildSettings = {
				ASSETCATALOG_COMPILER_APPICON_NAME = AppIcon;
				ASSETCATALOG_COMPILER_GLOBAL_ACCENT_COLOR_NAME = AccentColor;
				CODE_SIGN_STYLE = Automatic;
				DEVELOPMENT_TEAM = M3Z235FL72;
				INFOPLIST_FILE = FillColors/Info.plist;
				LD_RUNPATH_SEARCH_PATHS = (
					"$(inherited)",
					"@executable_path/Frameworks",
				);
				PRODUCT_BUNDLE_IDENTIFIER = ru.lyubushkin..FillColors;
				PRODUCT_NAME = "$(TARGET_NAME)";
				SWIFT_VERSION = 5.0;
				TARGETED_DEVICE_FAMILY = "1,2";
			};
			name = Release;
		};
/* End XCBuildConfiguration section */

/* Begin XCConfigurationList section */
		77C5CBA325C5E50000C07AEC /* Build configuration list for PBXProject "FillColors" */ = {
			isa = XCConfigurationList;
			buildConfigurations = (
				77C5CBBA25C5E50900C07AEC /* Debug */,
				77C5CBBB25C5E50900C07AEC /* Release */,
			);
			defaultConfigurationIsVisible = 0;
			defaultConfigurationName = Release;
		};
		77C5CBBC25C5E50900C07AEC /* Build configuration list for PBXNativeTarget "FillColors" */ = {
			isa = XCConfigurationList;
			buildConfigurations = (
				77C5CBBD25C5E50900C07AEC /* Debug */,
				77C5CBBE25C5E50900C07AEC /* Release */,
			);
			defaultConfigurationIsVisible = 0;
			defaultConfigurationName = Release;
		};
/* End XCConfigurationList section */
	};
	rootObject = 77C5CBA025C5E50000C07AEC /* Project object */;
}
